
Microsoft Visual Studio Solution File, Format Version 12.00
# Visual Studio 15
VisualStudioVersion = 15.0.28307.1585
MinimumVisualStudioVersion = 10.0.40219.1
Project("{FAE04EC0-301F-11D3-BF4B-00C04F79EFBC}") = "EJ2-G4", "EJ2-G4\EJ2-G4.csproj", "{513BD274-EFB7-43D4-B518-7EB6D70536A2}"
EndProject
Global
	GlobalSection(SolutionConfigurationPlatforms) = preSolution
		Debug|Any CPU = Debug|Any CPU
		Release|Any CPU = Release|Any CPU
	EndGlobalSection
	GlobalSection(ProjectConfigurationPlatforms) = postSolution
		{513BD274-EFB7-43D4-B518-7EB6D70536A2}.Debug|Any CPU.ActiveCfg = Debug|Any CPU
		{513BD274-EFB7-43D4-B518-7EB6D70536A2}.Debug|Any CPU.Build.0 = Debug|Any CPU
		{513BD274-EFB7-43D4-B518-7EB6D70536A2}.Release|Any CPU.ActiveCfg = Release|Any CPU
		{513BD274-EFB7-43D4-B518-7EB6D70536A2}.Release|Any CPU.Build.0 = Release|Any CPU
	EndGlobalSection
	GlobalSection(SolutionProperties) = preSolution
		HideSolutionNode = FALSE
	EndGlobalSection
	GlobalSection(ExtensibilityGlobals) = postSolution
		SolutionGuid = {D4622734-5703-4628-BD58-B8007FA8D144}
	EndGlobalSection
EndGlobal
